
Microsoft Visual Studio Solution File, Format Version 12.00
# Visual Studio 11
Project("{2150E333-8FDC-42A3-9474-1A3956D46DE8}") = "BuildTargets", "BuildTargets", "{9A6B69C1-801B-40D8-AFF4-7EACFE9E7A38}"
	ProjectSection(SolutionItems) = preProject
		BuildTargets\ConfigTransform.targets = BuildTargets\ConfigTransform.targets
		BuildTargets\NonWebPackaging.targets = BuildTargets\NonWebPackaging.targets
		BuildTargets\PackageAll.targets = BuildTargets\PackageAll.targets
		BuildTargets\WebProjectPackagingExtensions.targets = BuildTargets\WebProjectPackagingExtensions.targets
	EndProjectSection
EndProject
Project("{2150E333-8FDC-42A3-9474-1A3956D46DE8}") = ".nuget", ".nuget", "{930B2701-896E-429B-9B4E-5C591CEA5787}"
	ProjectSection(SolutionItems) = preProject
		.nuget\NuGet.exe = .nuget\NuGet.exe
		.nuget\NuGet.targets = .nuget\NuGet.targets
	EndProjectSection
EndProject
Project("{2150E333-8FDC-42A3-9474-1A3956D46DE8}") = "DeploymentScripts", "DeploymentScripts", "{6ADE6E92-E27E-4D92-A6C9-2E687EC90B6F}"
	ProjectSection(SolutionItems) = preProject
		DeploymentScripts\DeployAll.ps1 = DeploymentScripts\DeployAll.ps1
	EndProjectSection
EndProject
Project("{2150E333-8FDC-42A3-9474-1A3956D46DE8}") = "Utils", "Utils", "{C1CB2C9F-B64C-43BB-8884-48ED3326BE4A}"
	ProjectSection(SolutionItems) = preProject
		DeploymentScripts\Utils\AddUserToDatabase.sql = DeploymentScripts\Utils\AddUserToDatabase.sql
		DeploymentScripts\Utils\AddUserToServerRole.sql = DeploymentScripts\Utils\AddUserToServerRole.sql
		DeploymentScripts\Utils\CreateQueue.ps1 = DeploymentScripts\Utils\CreateQueue.ps1
		DeploymentScripts\Utils\DeleteQueue.ps1 = DeploymentScripts\Utils\DeleteQueue.ps1
		DeploymentScripts\Utils\GrantAccessToPrivateKey.ps1 = DeploymentScripts\Utils\GrantAccessToPrivateKey.ps1
		DeploymentScripts\Utils\RestoreDatabase.sql = DeploymentScripts\Utils\RestoreDatabase.sql
		DeploymentScripts\Utils\WarmUpWebApplication.ps1 = DeploymentScripts\Utils\WarmUpWebApplication.ps1
	EndProjectSection
EndProject
Project("{2150E333-8FDC-42A3-9474-1A3956D46DE8}") = "Remote", "Remote", "{BB981FE2-B4E4-4F45-AB95-061199B8D9CD}"
	ProjectSection(SolutionItems) = preProject
		DeploymentScripts\Remote\DeployDemo.bat = DeploymentScripts\Remote\DeployDemo.bat
	EndProjectSection
EndProject
Project("{2150E333-8FDC-42A3-9474-1A3956D46DE8}") = "Solution Items", "Solution Items", "{FF4443E2-2D86-4B4B-92E1-EDABB1505351}"
	ProjectSection(SolutionItems) = preProject
		SetupDevelopmentEnvironment.bat = SetupDevelopmentEnvironment.bat
	EndProjectSection
EndProject
Project("{FAE04EC0-301F-11D3-BF4B-00C04F79EFBC}") = "Shared", "Shared\Shared.csproj", "{AA3E0193-6B57-4E51-A609-37A6D85A5541}"
EndProject
Project("{FAE04EC0-301F-11D3-BF4B-00C04F79EFBC}") = "Shared.Mvc", "Shared.Mvc\Shared.Mvc.csproj", "{7B0241C0-4849-43E2-AA56-B649095F004F}"
EndProject
Project("{FAE04EC0-301F-11D3-BF4B-00C04F79EFBC}") = "Sparkle", "Sparkle\Sparkle.csproj", "{41BC1B7D-E086-4DDA-9D33-9794550282E4}"
EndProject
Project("{FAE04EC0-301F-11D3-BF4B-00C04F79EFBC}") = "Highway.Web", "Highway.Web\Highway.Web.csproj", "{F6FA436C-73F4-47DE-88E4-1720744B7457}"
EndProject
Project("{FAE04EC0-301F-11D3-BF4B-00C04F79EFBC}") = "Raven.Web", "Raven.Web\Raven.Web.csproj", "{8C21A555-739C-4B16-A5D9-CDF09D4932EA}"
EndProject
Project("{FAE04EC0-301F-11D3-BF4B-00C04F79EFBC}") = "Identity.Web", "Identity.Web\Identity.Web.csproj", "{5DEBECC9-422A-4E49-9448-0EEE76CC2B53}"
EndProject
Project("{FAE04EC0-301F-11D3-BF4B-00C04F79EFBC}") = "Identity.Core", "Identity.Core\Identity.Core.csproj", "{38CE5C59-909E-4DA6-8E1D-7EEE7312CA9A}"
EndProject
Project("{FAE04EC0-301F-11D3-BF4B-00C04F79EFBC}") = "Creative.Web", "Creative.Web\Creative.Web.csproj", "{BE5A2AA6-77F6-4283-93BE-AB63348087DE}"
EndProject
Project("{FAE04EC0-301F-11D3-BF4B-00C04F79EFBC}") = "F1PCO.Web", "F1PCO.Web\F1PCO.Web.csproj", "{B00F563B-731E-4ACD-83D9-999414D8BA8B}"
EndProject
Global
	GlobalSection(SolutionConfigurationPlatforms) = preSolution
		Debug|x86 = Debug|x86
		Demo|x86 = Demo|x86
		Release|x86 = Release|x86
	EndGlobalSection
	GlobalSection(ProjectConfigurationPlatforms) = postSolution
		{38CE5C59-909E-4DA6-8E1D-7EEE7312CA9A}.Debug|x86.ActiveCfg = Debug|x86
		{38CE5C59-909E-4DA6-8E1D-7EEE7312CA9A}.Debug|x86.Build.0 = Debug|x86
		{38CE5C59-909E-4DA6-8E1D-7EEE7312CA9A}.Demo|x86.ActiveCfg = Debug|x86
		{38CE5C59-909E-4DA6-8E1D-7EEE7312CA9A}.Demo|x86.Build.0 = Debug|x86
		{38CE5C59-909E-4DA6-8E1D-7EEE7312CA9A}.Release|x86.ActiveCfg = Release|x86
		{38CE5C59-909E-4DA6-8E1D-7EEE7312CA9A}.Release|x86.Build.0 = Release|x86
		{41BC1B7D-E086-4DDA-9D33-9794550282E4}.Debug|x86.ActiveCfg = Debug|x86
		{41BC1B7D-E086-4DDA-9D33-9794550282E4}.Debug|x86.Build.0 = Debug|x86
		{41BC1B7D-E086-4DDA-9D33-9794550282E4}.Demo|x86.ActiveCfg = Debug|x86
		{41BC1B7D-E086-4DDA-9D33-9794550282E4}.Demo|x86.Build.0 = Debug|x86
		{41BC1B7D-E086-4DDA-9D33-9794550282E4}.Release|x86.ActiveCfg = Release|x86
		{41BC1B7D-E086-4DDA-9D33-9794550282E4}.Release|x86.Build.0 = Release|x86
		{5DEBECC9-422A-4E49-9448-0EEE76CC2B53}.Debug|x86.ActiveCfg = Debug|x86
		{5DEBECC9-422A-4E49-9448-0EEE76CC2B53}.Debug|x86.Build.0 = Debug|x86
		{5DEBECC9-422A-4E49-9448-0EEE76CC2B53}.Demo|x86.ActiveCfg = Debug|x86
		{5DEBECC9-422A-4E49-9448-0EEE76CC2B53}.Demo|x86.Build.0 = Debug|x86
		{5DEBECC9-422A-4E49-9448-0EEE76CC2B53}.Release|x86.ActiveCfg = Release|x86
		{5DEBECC9-422A-4E49-9448-0EEE76CC2B53}.Release|x86.Build.0 = Release|x86
		{7B0241C0-4849-43E2-AA56-B649095F004F}.Debug|x86.ActiveCfg = Debug|x86
		{7B0241C0-4849-43E2-AA56-B649095F004F}.Debug|x86.Build.0 = Debug|x86
		{7B0241C0-4849-43E2-AA56-B649095F004F}.Demo|x86.ActiveCfg = Debug|x86
		{7B0241C0-4849-43E2-AA56-B649095F004F}.Demo|x86.Build.0 = Debug|x86
		{7B0241C0-4849-43E2-AA56-B649095F004F}.Release|x86.ActiveCfg = Release|x86
		{7B0241C0-4849-43E2-AA56-B649095F004F}.Release|x86.Build.0 = Release|x86
		{8C21A555-739C-4B16-A5D9-CDF09D4932EA}.Debug|x86.ActiveCfg = Debug|x86
		{8C21A555-739C-4B16-A5D9-CDF09D4932EA}.Debug|x86.Build.0 = Debug|x86
		{8C21A555-739C-4B16-A5D9-CDF09D4932EA}.Demo|x86.ActiveCfg = Debug|x86
		{8C21A555-739C-4B16-A5D9-CDF09D4932EA}.Demo|x86.Build.0 = Debug|x86
		{8C21A555-739C-4B16-A5D9-CDF09D4932EA}.Release|x86.ActiveCfg = Release|x86
		{8C21A555-739C-4B16-A5D9-CDF09D4932EA}.Release|x86.Build.0 = Release|x86
		{AA3E0193-6B57-4E51-A609-37A6D85A5541}.Debug|x86.ActiveCfg = Debug|x86
		{AA3E0193-6B57-4E51-A609-37A6D85A5541}.Debug|x86.Build.0 = Debug|x86
		{AA3E0193-6B57-4E51-A609-37A6D85A5541}.Demo|x86.ActiveCfg = Debug|x86
		{AA3E0193-6B57-4E51-A609-37A6D85A5541}.Demo|x86.Build.0 = Debug|x86
		{AA3E0193-6B57-4E51-A609-37A6D85A5541}.Release|x86.ActiveCfg = Release|x86
		{AA3E0193-6B57-4E51-A609-37A6D85A5541}.Release|x86.Build.0 = Release|x86
		{B00F563B-731E-4ACD-83D9-999414D8BA8B}.Debug|x86.ActiveCfg = Debug|x86
		{B00F563B-731E-4ACD-83D9-999414D8BA8B}.Debug|x86.Build.0 = Debug|x86
		{B00F563B-731E-4ACD-83D9-999414D8BA8B}.Demo|x86.ActiveCfg = Debug|x86
		{B00F563B-731E-4ACD-83D9-999414D8BA8B}.Demo|x86.Build.0 = Debug|x86
		{B00F563B-731E-4ACD-83D9-999414D8BA8B}.Release|x86.ActiveCfg = Release|x86
		{B00F563B-731E-4ACD-83D9-999414D8BA8B}.Release|x86.Build.0 = Release|x86
		{BE5A2AA6-77F6-4283-93BE-AB63348087DE}.Debug|x86.ActiveCfg = Debug|x86
		{BE5A2AA6-77F6-4283-93BE-AB63348087DE}.Debug|x86.Build.0 = Debug|x86
		{BE5A2AA6-77F6-4283-93BE-AB63348087DE}.Demo|x86.ActiveCfg = Debug|x86
		{BE5A2AA6-77F6-4283-93BE-AB63348087DE}.Demo|x86.Build.0 = Debug|x86
		{BE5A2AA6-77F6-4283-93BE-AB63348087DE}.Release|x86.ActiveCfg = Release|x86
		{BE5A2AA6-77F6-4283-93BE-AB63348087DE}.Release|x86.Build.0 = Release|x86
		{F6FA436C-73F4-47DE-88E4-1720744B7457}.Debug|x86.ActiveCfg = Debug|x86
		{F6FA436C-73F4-47DE-88E4-1720744B7457}.Debug|x86.Build.0 = Debug|x86
		{F6FA436C-73F4-47DE-88E4-1720744B7457}.Demo|x86.ActiveCfg = Debug|x86
		{F6FA436C-73F4-47DE-88E4-1720744B7457}.Demo|x86.Build.0 = Debug|x86
		{F6FA436C-73F4-47DE-88E4-1720744B7457}.Release|x86.ActiveCfg = Release|x86
		{F6FA436C-73F4-47DE-88E4-1720744B7457}.Release|x86.Build.0 = Release|x86
	EndGlobalSection
	GlobalSection(SolutionProperties) = preSolution
		HideSolutionNode = FALSE
	EndGlobalSection
	GlobalSection(NestedProjects) = preSolution
		{BB981FE2-B4E4-4F45-AB95-061199B8D9CD} = {6ADE6E92-E27E-4D92-A6C9-2E687EC90B6F}
		{C1CB2C9F-B64C-43BB-8884-48ED3326BE4A} = {6ADE6E92-E27E-4D92-A6C9-2E687EC90B6F}
	EndGlobalSection
EndGlobal
